
Microsoft Visual Studio Solution File, Format Version 12.00
# Visual Studio Version 17
VisualStudioVersion = 17.0.31903.59
MinimumVisualStudioVersion = 10.0.40219.1
Project("{FAE04EC0-301F-11D3-BF4B-00C04F79EFBC}") = "TGCbot", "TGCbot.csproj", "{42BDCB75-6677-48D1-96B5-A31978D89F28}"
EndProject
Global
	GlobalSection(SolutionConfigurationPlatforms) = preSolution
		Debug|Any CPU = Debug|Any CPU
		Release|Any CPU = Release|Any CPU
	EndGlobalSection
	GlobalSection(ProjectConfigurationPlatforms) = postSolution
		{42BDCB75-6677-48D1-96B5-A31978D89F28}.Debug|Any CPU.ActiveCfg = Debug|Any CPU
		{42BDCB75-6677-48D1-96B5-A31978D89F28}.Debug|Any CPU.Build.0 = Debug|Any CPU
		{42BDCB75-6677-48D1-96B5-A31978D89F28}.Release|Any CPU.ActiveCfg = Release|Any CPU
		{42BDCB75-6677-48D1-96B5-A31978D89F28}.Release|Any CPU.Build.0 = Release|Any CPU
	EndGlobalSection
	GlobalSection(SolutionProperties) = preSolution
		HideSolutionNode = FALSE
	EndGlobalSection
	GlobalSection(ExtensibilityGlobals) = postSolution
		SolutionGuid = {A66525D5-7B89-49E5-8BAC-5DCF577BB248}
	EndGlobalSection
EndGlobal
